
Microsoft Visual Studio Solution File, Format Version 12.00
# Visual Studio Version 17
VisualStudioVersion = 17.8.34330.188
MinimumVisualStudioVersion = 10.0.40219.1
Project("{9A19103F-16F7-4668-BE54-9A1E7A4F7556}") = "MyMoneyAssistant", "MyMoneyAssistant\MyMoneyAssistant.csproj", "{76DCC2BA-648A-493A-9177-DA878BA273E4}"
EndProject
Project("{E53339B2-1760-4266-BCC7-CA923CBCF16C}") = "docker-compose", "docker-compose.dcproj", "{D7D9669E-DCD9-4C26-B58F-DC3F24B54F1C}"
EndProject
Global
	GlobalSection(SolutionConfigurationPlatforms) = preSolution
		Debug|Any CPU = Debug|Any CPU
		Release|Any CPU = Release|Any CPU
	EndGlobalSection
	GlobalSection(ProjectConfigurationPlatforms) = postSolution
		{76DCC2BA-648A-493A-9177-DA878BA273E4}.Debug|Any CPU.ActiveCfg = Debug|Any CPU
		{76DCC2BA-648A-493A-9177-DA878BA273E4}.Debug|Any CPU.Build.0 = Debug|Any CPU
		{76DCC2BA-648A-493A-9177-DA878BA273E4}.Release|Any CPU.ActiveCfg = Release|Any CPU
		{76DCC2BA-648A-493A-9177-DA878BA273E4}.Release|Any CPU.Build.0 = Release|Any CPU
		{D7D9669E-DCD9-4C26-B58F-DC3F24B54F1C}.Debug|Any CPU.ActiveCfg = Debug|Any CPU
		{D7D9669E-DCD9-4C26-B58F-DC3F24B54F1C}.Debug|Any CPU.Build.0 = Debug|Any CPU
		{D7D9669E-DCD9-4C26-B58F-DC3F24B54F1C}.Release|Any CPU.ActiveCfg = Release|Any CPU
		{D7D9669E-DCD9-4C26-B58F-DC3F24B54F1C}.Release|Any CPU.Build.0 = Release|Any CPU
	EndGlobalSection
	GlobalSection(SolutionProperties) = preSolution
		HideSolutionNode = FALSE
	EndGlobalSection
	GlobalSection(ExtensibilityGlobals) = postSolution
		SolutionGuid = {72FFB6C4-DEEA-4ABB-A994-FEFAA007C5D4}
	EndGlobalSection
EndGlobal
